{
  "originHash" : "bf1d0935f680dcc5ab4b200631bf1cb19e513a4b9f1f1421cd48882f38f75821",
  "pins" : [
    {
      "identity" : "alamofire",
      "kind" : "remoteSourceControl",
      "location" : "https://github.com/Alamofire/Alamofire",
      "state" : {
        "revision" : "e16d3481f5ed35f0472cb93350085853d754913f",
        "version" : "5.10.1"
      }
    },
    {
      "identity" : "cloudkitsyncmonitor",
      "kind" : "remoteSourceControl",
      "location" : "https://github.com/ggruen/CloudKitSyncMonitor.git",
      "state" : {
        "revision" : "f84f9c074b2c55adc7dc364a4437cfe7249ae529",
        "version" : "1.4.1"
      }
    },
    {
      "identity" : "confettiswiftui",
      "kind" : "remoteSourceControl",
      "location" : "https://github.com/simibac/ConfettiSwiftUI",
      "state" : {
        "revision" : "f45961f97bbae6fff6e2e64546fea0189425ad92",
        "version" : "1.1.0"
      }
    },
    {
      "identity" : "crookedtext",
      "kind" : "remoteSourceControl",
      "location" : "https://github.com/duemunk/CrookedText",
      "state" : {
        "revision" : "70ae8691bdfb62698571e69bd855acf4030795ea",
        "version" : "0.0.1"
      }
    },
    {
      "identity" : "isscrolling",
      "kind" : "remoteSourceControl",
      "location" : "https://github.com/fatbobman/IsScrolling.git",
      "state" : {
        "revision" : "7def8d8f789a326b6f725a76cee8ec3fa69511df",
        "version" : "1.1.2"
      }
    },
    {
      "identity" : "popovers",
      "kind" : "remoteSourceControl",
      "location" : "https://github.com/aheze/Popovers",
      "state" : {
        "branch" : "main",
        "revision" : "a6895602c7db1683be1c68363564de4fb09521cd"
      }
    },
    {
      "identity" : "scrollviewstyle",
      "kind" : "remoteSourceControl",
      "location" : "https://github.com/AuNguyen611/ScrollViewStyle",
      "state" : {
        "branch" : "master",
        "revision" : "37916db6132892494f84d2d2bfab4db4c6e7bafb"
      }
    },
    {
      "identity" : "swiftui-introspect",
      "kind" : "remoteSourceControl",
      "location" : "https://github.com/siteline/SwiftUI-Introspect.git",
      "state" : {
        "branch" : "main",
        "revision" : "807f73ce09a9b9723f12385e592b4e0aaebd3336"
      }
    }
  ],
  "version" : 3
}
